
Microsoft Visual Studio Solution File, Format Version 12.00
# Visual Studio 15
VisualStudioVersion = 15.0.27130.2020
MinimumVisualStudioVersion = 10.0.40219.1
Project("{9A19103F-16F7-4668-BE54-9A1E7A4F7556}") = "Framework.Core", "source\Framework.Core\Framework.Core.csproj", "{50D9EE89-3D6B-48C6-BDD2-85694CAE8ABF}"
EndProject
Project("{2150E333-8FDC-42A3-9474-1A3956D46DE8}") = "src", "src", "{5641C6A5-0B4D-4E3A-A96D-ED06C3966253}"
EndProject
Project("{9A19103F-16F7-4668-BE54-9A1E7A4F7556}") = "Framework.Model", "source\Framework.Model\Framework.Model.csproj", "{B55A2B0C-DB54-4257-BDB0-EC837B66D051}"
EndProject
Project("{9A19103F-16F7-4668-BE54-9A1E7A4F7556}") = "Framework.Repository", "source\Framework.Repository\Framework.Repository.csproj", "{56781350-4E67-4436-943F-A2123AB4AC68}"
EndProject
Project("{9A19103F-16F7-4668-BE54-9A1E7A4F7556}") = "Framework.Web", "source\Framework.Web\Framework.Web.csproj", "{4D802AA0-7BB6-4318-B217-45C7E02F2B65}"
EndProject
Project("{9A19103F-16F7-4668-BE54-9A1E7A4F7556}") = "Framework.Web.Mvc", "source\Framework.Web.Mvc\Framework.Web.Mvc.csproj", "{A7297271-1EB5-43D1-8D83-B5C3ACB08A4D}"
EndProject
Project("{2150E333-8FDC-42A3-9474-1A3956D46DE8}") = "tests", "tests", "{A2E27F60-ADF3-4629-8AC7-17D40E9A02D7}"
EndProject
Project("{9A19103F-16F7-4668-BE54-9A1E7A4F7556}") = "Framework.Web.Security", "source\Framework.Web.Security\Framework.Web.Security.csproj", "{002B8F0D-AA16-449D-92DE-0AA231457602}"
EndProject
Project("{9A19103F-16F7-4668-BE54-9A1E7A4F7556}") = "Framework.Model.Tests", "tests\Framework.Model.Tests\Framework.Model.Tests.csproj", "{FECA7141-D6C2-448F-AF12-18874CF1E91F}"
EndProject
Project("{9A19103F-16F7-4668-BE54-9A1E7A4F7556}") = "Framework.Repository.Tests", "tests\Framework.Repository.Tests\Framework.Repository.Tests.csproj", "{8F97D8CA-B997-40EF-AF4C-AF10AE1234E1}"
EndProject
Project("{9A19103F-16F7-4668-BE54-9A1E7A4F7556}") = "Framework.Security", "source\Framework.Security\Framework.Security.csproj", "{C362C98E-207B-4913-845D-79DFF6F32F29}"
EndProject
Project("{9A19103F-16F7-4668-BE54-9A1E7A4F7556}") = "Framework.Web.Mail", "source\Framework.Web.Mail\Framework.Web.Mail.csproj", "{6DA704BD-B68A-4C8D-8385-7EF7CF73DC6F}"
EndProject
Project("{9A19103F-16F7-4668-BE54-9A1E7A4F7556}") = "Framework.Model.Mapper", "source\Framework.Model.Mapper\Framework.Model.Mapper.csproj", "{EC10EA23-88D5-482E-8CDE-D557D7B4D299}"
EndProject
Project("{9A19103F-16F7-4668-BE54-9A1E7A4F7556}") = "Framework.Repository.Extensions", "source\Framework.Repository.Extensions\Framework.Repository.Extensions.csproj", "{8A52597E-34F3-4F31-8999-6BF55A11A759}"
EndProject
Project("{9A19103F-16F7-4668-BE54-9A1E7A4F7556}") = "Framework.Security.Tests", "tests\Framework.Security.Tests\Framework.Security.Tests.csproj", "{2A20A2F5-0B8F-46B6-BBB0-8AD9532058C1}"
EndProject
Global
	GlobalSection(SolutionConfigurationPlatforms) = preSolution
		Debug|Any CPU = Debug|Any CPU
		Mobile|Any CPU = Mobile|Any CPU
		Release|Any CPU = Release|Any CPU
	EndGlobalSection
	GlobalSection(ProjectConfigurationPlatforms) = postSolution
		{50D9EE89-3D6B-48C6-BDD2-85694CAE8ABF}.Debug|Any CPU.ActiveCfg = Debug|Any CPU
		{50D9EE89-3D6B-48C6-BDD2-85694CAE8ABF}.Debug|Any CPU.Build.0 = Debug|Any CPU
		{50D9EE89-3D6B-48C6-BDD2-85694CAE8ABF}.Mobile|Any CPU.ActiveCfg = Mobile|Any CPU
		{50D9EE89-3D6B-48C6-BDD2-85694CAE8ABF}.Mobile|Any CPU.Build.0 = Mobile|Any CPU
		{50D9EE89-3D6B-48C6-BDD2-85694CAE8ABF}.Release|Any CPU.ActiveCfg = Release|Any CPU
		{50D9EE89-3D6B-48C6-BDD2-85694CAE8ABF}.Release|Any CPU.Build.0 = Release|Any CPU
		{B55A2B0C-DB54-4257-BDB0-EC837B66D051}.Debug|Any CPU.ActiveCfg = Debug|Any CPU
		{B55A2B0C-DB54-4257-BDB0-EC837B66D051}.Debug|Any CPU.Build.0 = Debug|Any CPU
		{B55A2B0C-DB54-4257-BDB0-EC837B66D051}.Mobile|Any CPU.ActiveCfg = Mobile|Any CPU
		{B55A2B0C-DB54-4257-BDB0-EC837B66D051}.Mobile|Any CPU.Build.0 = Mobile|Any CPU
		{B55A2B0C-DB54-4257-BDB0-EC837B66D051}.Release|Any CPU.ActiveCfg = Release|Any CPU
		{B55A2B0C-DB54-4257-BDB0-EC837B66D051}.Release|Any CPU.Build.0 = Release|Any CPU
		{56781350-4E67-4436-943F-A2123AB4AC68}.Debug|Any CPU.ActiveCfg = Debug|Any CPU
		{56781350-4E67-4436-943F-A2123AB4AC68}.Debug|Any CPU.Build.0 = Debug|Any CPU
		{56781350-4E67-4436-943F-A2123AB4AC68}.Mobile|Any CPU.ActiveCfg = Mobile|Any CPU
		{56781350-4E67-4436-943F-A2123AB4AC68}.Mobile|Any CPU.Build.0 = Mobile|Any CPU
		{56781350-4E67-4436-943F-A2123AB4AC68}.Release|Any CPU.ActiveCfg = Release|Any CPU
		{56781350-4E67-4436-943F-A2123AB4AC68}.Release|Any CPU.Build.0 = Release|Any CPU
		{4D802AA0-7BB6-4318-B217-45C7E02F2B65}.Debug|Any CPU.ActiveCfg = Debug|Any CPU
		{4D802AA0-7BB6-4318-B217-45C7E02F2B65}.Debug|Any CPU.Build.0 = Debug|Any CPU
		{4D802AA0-7BB6-4318-B217-45C7E02F2B65}.Mobile|Any CPU.ActiveCfg = Mobile|Any CPU
		{4D802AA0-7BB6-4318-B217-45C7E02F2B65}.Mobile|Any CPU.Build.0 = Mobile|Any CPU
		{4D802AA0-7BB6-4318-B217-45C7E02F2B65}.Release|Any CPU.ActiveCfg = Release|Any CPU
		{4D802AA0-7BB6-4318-B217-45C7E02F2B65}.Release|Any CPU.Build.0 = Release|Any CPU
		{A7297271-1EB5-43D1-8D83-B5C3ACB08A4D}.Debug|Any CPU.ActiveCfg = Debug|Any CPU
		{A7297271-1EB5-43D1-8D83-B5C3ACB08A4D}.Debug|Any CPU.Build.0 = Debug|Any CPU
		{A7297271-1EB5-43D1-8D83-B5C3ACB08A4D}.Mobile|Any CPU.ActiveCfg = Mobile|Any CPU
		{A7297271-1EB5-43D1-8D83-B5C3ACB08A4D}.Mobile|Any CPU.Build.0 = Mobile|Any CPU
		{A7297271-1EB5-43D1-8D83-B5C3ACB08A4D}.Release|Any CPU.ActiveCfg = Release|Any CPU
		{A7297271-1EB5-43D1-8D83-B5C3ACB08A4D}.Release|Any CPU.Build.0 = Release|Any CPU
		{002B8F0D-AA16-449D-92DE-0AA231457602}.Debug|Any CPU.ActiveCfg = Debug|Any CPU
		{002B8F0D-AA16-449D-92DE-0AA231457602}.Debug|Any CPU.Build.0 = Debug|Any CPU
		{002B8F0D-AA16-449D-92DE-0AA231457602}.Mobile|Any CPU.ActiveCfg = Mobile|Any CPU
		{002B8F0D-AA16-449D-92DE-0AA231457602}.Mobile|Any CPU.Build.0 = Mobile|Any CPU
		{002B8F0D-AA16-449D-92DE-0AA231457602}.Release|Any CPU.ActiveCfg = Release|Any CPU
		{002B8F0D-AA16-449D-92DE-0AA231457602}.Release|Any CPU.Build.0 = Release|Any CPU
		{FECA7141-D6C2-448F-AF12-18874CF1E91F}.Debug|Any CPU.ActiveCfg = Debug|Any CPU
		{FECA7141-D6C2-448F-AF12-18874CF1E91F}.Debug|Any CPU.Build.0 = Debug|Any CPU
		{FECA7141-D6C2-448F-AF12-18874CF1E91F}.Mobile|Any CPU.ActiveCfg = Mobile|Any CPU
		{FECA7141-D6C2-448F-AF12-18874CF1E91F}.Mobile|Any CPU.Build.0 = Mobile|Any CPU
		{FECA7141-D6C2-448F-AF12-18874CF1E91F}.Release|Any CPU.ActiveCfg = Release|Any CPU
		{FECA7141-D6C2-448F-AF12-18874CF1E91F}.Release|Any CPU.Build.0 = Release|Any CPU
		{8F97D8CA-B997-40EF-AF4C-AF10AE1234E1}.Debug|Any CPU.ActiveCfg = Debug|Any CPU
		{8F97D8CA-B997-40EF-AF4C-AF10AE1234E1}.Debug|Any CPU.Build.0 = Debug|Any CPU
		{8F97D8CA-B997-40EF-AF4C-AF10AE1234E1}.Mobile|Any CPU.ActiveCfg = Mobile|Any CPU
		{8F97D8CA-B997-40EF-AF4C-AF10AE1234E1}.Mobile|Any CPU.Build.0 = Mobile|Any CPU
		{8F97D8CA-B997-40EF-AF4C-AF10AE1234E1}.Release|Any CPU.ActiveCfg = Release|Any CPU
		{8F97D8CA-B997-40EF-AF4C-AF10AE1234E1}.Release|Any CPU.Build.0 = Release|Any CPU
		{C362C98E-207B-4913-845D-79DFF6F32F29}.Debug|Any CPU.ActiveCfg = Debug|Any CPU
		{C362C98E-207B-4913-845D-79DFF6F32F29}.Debug|Any CPU.Build.0 = Debug|Any CPU
		{C362C98E-207B-4913-845D-79DFF6F32F29}.Mobile|Any CPU.ActiveCfg = Mobile|Any CPU
		{C362C98E-207B-4913-845D-79DFF6F32F29}.Mobile|Any CPU.Build.0 = Mobile|Any CPU
		{C362C98E-207B-4913-845D-79DFF6F32F29}.Release|Any CPU.ActiveCfg = Release|Any CPU
		{C362C98E-207B-4913-845D-79DFF6F32F29}.Release|Any CPU.Build.0 = Release|Any CPU
		{6DA704BD-B68A-4C8D-8385-7EF7CF73DC6F}.Debug|Any CPU.ActiveCfg = Debug|Any CPU
		{6DA704BD-B68A-4C8D-8385-7EF7CF73DC6F}.Debug|Any CPU.Build.0 = Debug|Any CPU
		{6DA704BD-B68A-4C8D-8385-7EF7CF73DC6F}.Mobile|Any CPU.ActiveCfg = Mobile|Any CPU
		{6DA704BD-B68A-4C8D-8385-7EF7CF73DC6F}.Mobile|Any CPU.Build.0 = Mobile|Any CPU
		{6DA704BD-B68A-4C8D-8385-7EF7CF73DC6F}.Release|Any CPU.ActiveCfg = Release|Any CPU
		{6DA704BD-B68A-4C8D-8385-7EF7CF73DC6F}.Release|Any CPU.Build.0 = Release|Any CPU
		{EC10EA23-88D5-482E-8CDE-D557D7B4D299}.Debug|Any CPU.ActiveCfg = Debug|Any CPU
		{EC10EA23-88D5-482E-8CDE-D557D7B4D299}.Debug|Any CPU.Build.0 = Debug|Any CPU
		{EC10EA23-88D5-482E-8CDE-D557D7B4D299}.Mobile|Any CPU.ActiveCfg = Mobile|Any CPU
		{EC10EA23-88D5-482E-8CDE-D557D7B4D299}.Mobile|Any CPU.Build.0 = Mobile|Any CPU
		{EC10EA23-88D5-482E-8CDE-D557D7B4D299}.Release|Any CPU.ActiveCfg = Release|Any CPU
		{EC10EA23-88D5-482E-8CDE-D557D7B4D299}.Release|Any CPU.Build.0 = Release|Any CPU
		{8A52597E-34F3-4F31-8999-6BF55A11A759}.Debug|Any CPU.ActiveCfg = Debug|Any CPU
		{8A52597E-34F3-4F31-8999-6BF55A11A759}.Debug|Any CPU.Build.0 = Debug|Any CPU
		{8A52597E-34F3-4F31-8999-6BF55A11A759}.Mobile|Any CPU.ActiveCfg = Mobile|Any CPU
		{8A52597E-34F3-4F31-8999-6BF55A11A759}.Mobile|Any CPU.Build.0 = Mobile|Any CPU
		{8A52597E-34F3-4F31-8999-6BF55A11A759}.Release|Any CPU.ActiveCfg = Release|Any CPU
		{8A52597E-34F3-4F31-8999-6BF55A11A759}.Release|Any CPU.Build.0 = Release|Any CPU
		{2A20A2F5-0B8F-46B6-BBB0-8AD9532058C1}.Debug|Any CPU.ActiveCfg = Debug|Any CPU
		{2A20A2F5-0B8F-46B6-BBB0-8AD9532058C1}.Debug|Any CPU.Build.0 = Debug|Any CPU
		{2A20A2F5-0B8F-46B6-BBB0-8AD9532058C1}.Mobile|Any CPU.ActiveCfg = Mobile|Any CPU
		{2A20A2F5-0B8F-46B6-BBB0-8AD9532058C1}.Mobile|Any CPU.Build.0 = Mobile|Any CPU
		{2A20A2F5-0B8F-46B6-BBB0-8AD9532058C1}.Release|Any CPU.ActiveCfg = Release|Any CPU
		{2A20A2F5-0B8F-46B6-BBB0-8AD9532058C1}.Release|Any CPU.Build.0 = Release|Any CPU
	EndGlobalSection
	GlobalSection(SolutionProperties) = preSolution
		HideSolutionNode = FALSE
	EndGlobalSection
	GlobalSection(NestedProjects) = preSolution
		{50D9EE89-3D6B-48C6-BDD2-85694CAE8ABF} = {5641C6A5-0B4D-4E3A-A96D-ED06C3966253}
		{B55A2B0C-DB54-4257-BDB0-EC837B66D051} = {5641C6A5-0B4D-4E3A-A96D-ED06C3966253}
		{56781350-4E67-4436-943F-A2123AB4AC68} = {5641C6A5-0B4D-4E3A-A96D-ED06C3966253}
		{4D802AA0-7BB6-4318-B217-45C7E02F2B65} = {5641C6A5-0B4D-4E3A-A96D-ED06C3966253}
		{A7297271-1EB5-43D1-8D83-B5C3ACB08A4D} = {5641C6A5-0B4D-4E3A-A96D-ED06C3966253}
		{002B8F0D-AA16-449D-92DE-0AA231457602} = {5641C6A5-0B4D-4E3A-A96D-ED06C3966253}
		{FECA7141-D6C2-448F-AF12-18874CF1E91F} = {A2E27F60-ADF3-4629-8AC7-17D40E9A02D7}
		{8F97D8CA-B997-40EF-AF4C-AF10AE1234E1} = {A2E27F60-ADF3-4629-8AC7-17D40E9A02D7}
		{C362C98E-207B-4913-845D-79DFF6F32F29} = {5641C6A5-0B4D-4E3A-A96D-ED06C3966253}
		{6DA704BD-B68A-4C8D-8385-7EF7CF73DC6F} = {5641C6A5-0B4D-4E3A-A96D-ED06C3966253}
		{EC10EA23-88D5-482E-8CDE-D557D7B4D299} = {5641C6A5-0B4D-4E3A-A96D-ED06C3966253}
		{8A52597E-34F3-4F31-8999-6BF55A11A759} = {5641C6A5-0B4D-4E3A-A96D-ED06C3966253}
		{2A20A2F5-0B8F-46B6-BBB0-8AD9532058C1} = {A2E27F60-ADF3-4629-8AC7-17D40E9A02D7}
	EndGlobalSection
	GlobalSection(ExtensibilityGlobals) = postSolution
		SolutionGuid = {8B5958B1-2A43-4051-A89E-4A16B4C6D03F}
	EndGlobalSection

EndGlobal
